
Microsoft Visual Studio Solution File, Format Version 12.00
# Visual Studio Version 17
VisualStudioVersion = 17.13.35913.81
MinimumVisualStudioVersion = 10.0.40219.1
Project("{FAE04EC0-301F-11D3-BF4B-00C04F79EFBC}") = "AnyStore", "AnyStore\AnyStore.csproj", "{896E58FE-627C-4AB5-8C76-D5986E158A39}"
EndProject
Project("{FAE04EC0-301F-11D3-BF4B-00C04F79EFBC}") = "Store.Models", "Store.Models\Store.Models.csproj", "{FAAB6D5D-B514-44C7-92A4-E226E0F59084}"
EndProject
Project("{FAE04EC0-301F-11D3-BF4B-00C04F79EFBC}") = "Store.Repository", "Store.Repository\Store.Repository.csproj", "{CB2F313A-6776-4ACA-B9C7-30442123D981}"
EndProject
Project("{2150E333-8FDC-42A3-9474-1A3956D46DE8}") = "Database", "Database", "{02EA681E-C7D8-13C7-8484-4AC65E1B71E8}"
	ProjectSection(SolutionItems) = preProject
		..\..\..\..\..\..\Program Files\Microsoft SQL Server\MSSQL16.MSSQLSERVER\MSSQL\Backup\WowFoods.bak = ..\..\..\..\..\..\Program Files\Microsoft SQL Server\MSSQL16.MSSQLSERVER\MSSQL\Backup\WowFoods.bak
	EndProjectSection
EndProject
Project("{FAE04EC0-301F-11D3-BF4B-00C04F79EFBC}") = "WowFoods.Models", "WowFoods.Models\WowFoods.Models.csproj", "{1E747EFF-4C77-0B81-C3E8-77F98190854D}"
EndProject
Project("{FAE04EC0-301F-11D3-BF4B-00C04F79EFBC}") = "WowFoodsApp.Repository", "WowFoodsApp.Repository\WowFoodsApp.Repository.csproj", "{BC5656B6-BFAC-5D91-0E54-016746AA6DBD}"
EndProject
Project("{FAE04EC0-301F-11D3-BF4B-00C04F79EFBC}") = "WowFoodsApp", "WowFoodsApp\WowFoodsApp.csproj", "{79A34FDA-AC9F-D779-8CC4-E8058A26D06D}"
EndProject
Project("{FAE04EC0-301F-11D3-BF4B-00C04F79EFBC}") = "WowFoods.Services", "WowFoods.Services\WowFoods.Services.csproj", "{8A8147F7-C82E-495D-B95D-6C74FA08BE20}"
EndProject
Project("{FAE04EC0-301F-11D3-BF4B-00C04F79EFBC}") = "WowFoodsViewModels.Models", "WowFoodsViewModels.Models\WowFoodsViewModels.Models.csproj", "{39FF1747-81BC-4592-B143-49A29BBC4549}"
EndProject
Global
	GlobalSection(SolutionConfigurationPlatforms) = preSolution
		Debug|Any CPU = Debug|Any CPU
		Release|Any CPU = Release|Any CPU
	EndGlobalSection
	GlobalSection(ProjectConfigurationPlatforms) = postSolution
		{896E58FE-627C-4AB5-8C76-D5986E158A39}.Debug|Any CPU.ActiveCfg = Debug|Any CPU
		{896E58FE-627C-4AB5-8C76-D5986E158A39}.Debug|Any CPU.Build.0 = Debug|Any CPU
		{896E58FE-627C-4AB5-8C76-D5986E158A39}.Release|Any CPU.ActiveCfg = Release|Any CPU
		{896E58FE-627C-4AB5-8C76-D5986E158A39}.Release|Any CPU.Build.0 = Release|Any CPU
		{FAAB6D5D-B514-44C7-92A4-E226E0F59084}.Debug|Any CPU.ActiveCfg = Debug|Any CPU
		{FAAB6D5D-B514-44C7-92A4-E226E0F59084}.Debug|Any CPU.Build.0 = Debug|Any CPU
		{FAAB6D5D-B514-44C7-92A4-E226E0F59084}.Release|Any CPU.ActiveCfg = Release|Any CPU
		{FAAB6D5D-B514-44C7-92A4-E226E0F59084}.Release|Any CPU.Build.0 = Release|Any CPU
		{CB2F313A-6776-4ACA-B9C7-30442123D981}.Debug|Any CPU.ActiveCfg = Debug|Any CPU
		{CB2F313A-6776-4ACA-B9C7-30442123D981}.Debug|Any CPU.Build.0 = Debug|Any CPU
		{CB2F313A-6776-4ACA-B9C7-30442123D981}.Release|Any CPU.ActiveCfg = Release|Any CPU
		{CB2F313A-6776-4ACA-B9C7-30442123D981}.Release|Any CPU.Build.0 = Release|Any CPU
		{1E747EFF-4C77-0B81-C3E8-77F98190854D}.Debug|Any CPU.ActiveCfg = Debug|Any CPU
		{1E747EFF-4C77-0B81-C3E8-77F98190854D}.Debug|Any CPU.Build.0 = Debug|Any CPU
		{1E747EFF-4C77-0B81-C3E8-77F98190854D}.Release|Any CPU.ActiveCfg = Release|Any CPU
		{1E747EFF-4C77-0B81-C3E8-77F98190854D}.Release|Any CPU.Build.0 = Release|Any CPU
		{BC5656B6-BFAC-5D91-0E54-016746AA6DBD}.Debug|Any CPU.ActiveCfg = Debug|Any CPU
		{BC5656B6-BFAC-5D91-0E54-016746AA6DBD}.Debug|Any CPU.Build.0 = Debug|Any CPU
		{BC5656B6-BFAC-5D91-0E54-016746AA6DBD}.Release|Any CPU.ActiveCfg = Release|Any CPU
		{BC5656B6-BFAC-5D91-0E54-016746AA6DBD}.Release|Any CPU.Build.0 = Release|Any CPU
		{79A34FDA-AC9F-D779-8CC4-E8058A26D06D}.Debug|Any CPU.ActiveCfg = Debug|Any CPU
		{79A34FDA-AC9F-D779-8CC4-E8058A26D06D}.Debug|Any CPU.Build.0 = Debug|Any CPU
		{79A34FDA-AC9F-D779-8CC4-E8058A26D06D}.Release|Any CPU.ActiveCfg = Release|Any CPU
		{79A34FDA-AC9F-D779-8CC4-E8058A26D06D}.Release|Any CPU.Build.0 = Release|Any CPU
		{8A8147F7-C82E-495D-B95D-6C74FA08BE20}.Debug|Any CPU.ActiveCfg = Debug|Any CPU
		{8A8147F7-C82E-495D-B95D-6C74FA08BE20}.Debug|Any CPU.Build.0 = Debug|Any CPU
		{8A8147F7-C82E-495D-B95D-6C74FA08BE20}.Release|Any CPU.ActiveCfg = Release|Any CPU
		{8A8147F7-C82E-495D-B95D-6C74FA08BE20}.Release|Any CPU.Build.0 = Release|Any CPU
		{39FF1747-81BC-4592-B143-49A29BBC4549}.Debug|Any CPU.ActiveCfg = Debug|Any CPU
		{39FF1747-81BC-4592-B143-49A29BBC4549}.Debug|Any CPU.Build.0 = Debug|Any CPU
		{39FF1747-81BC-4592-B143-49A29BBC4549}.Release|Any CPU.ActiveCfg = Release|Any CPU
		{39FF1747-81BC-4592-B143-49A29BBC4549}.Release|Any CPU.Build.0 = Release|Any CPU
	EndGlobalSection
	GlobalSection(SolutionProperties) = preSolution
		HideSolutionNode = FALSE
	EndGlobalSection
	GlobalSection(ExtensibilityGlobals) = postSolution
		SolutionGuid = {D2DE9DD0-E5E2-466D-B131-E5759E804DE7}
	EndGlobalSection
EndGlobal
